
Microsoft Visual Studio Solution File, Format Version 12.00
# Visual Studio Version 17
VisualStudioVersion = 17.3.32825.248
MinimumVisualStudioVersion = 10.0.40219.1
Project("{FAE04EC0-301F-11D3-BF4B-00C04F79EFBC}") = "VMGenius.Types", "VMGenius.Types\VMGenius.Types.csproj", "{34B66440-7F98-42D9-B87A-7E77715513FB}"
EndProject
Project("{FAE04EC0-301F-11D3-BF4B-00C04F79EFBC}") = "VMGenius.DesktopApp", "VMGenius.DesktopApp\VMGenius.DesktopApp.csproj", "{091479F4-79EA-4022-899C-D66CB1BB1317}"
EndProject
Global
	GlobalSection(SolutionConfigurationPlatforms) = preSolution
		Debug|Any CPU = Debug|Any CPU
		Release|Any CPU = Release|Any CPU
	EndGlobalSection
	GlobalSection(ProjectConfigurationPlatforms) = postSolution
		{34B66440-7F98-42D9-B87A-7E77715513FB}.Debug|Any CPU.ActiveCfg = Debug|Any CPU
		{34B66440-7F98-42D9-B87A-7E77715513FB}.Debug|Any CPU.Build.0 = Debug|Any CPU
		{34B66440-7F98-42D9-B87A-7E77715513FB}.Release|Any CPU.ActiveCfg = Release|Any CPU
		{34B66440-7F98-42D9-B87A-7E77715513FB}.Release|Any CPU.Build.0 = Release|Any CPU
		{091479F4-79EA-4022-899C-D66CB1BB1317}.Debug|Any CPU.ActiveCfg = Debug|Any CPU
		{091479F4-79EA-4022-899C-D66CB1BB1317}.Debug|Any CPU.Build.0 = Debug|Any CPU
		{091479F4-79EA-4022-899C-D66CB1BB1317}.Release|Any CPU.ActiveCfg = Release|Any CPU
		{091479F4-79EA-4022-899C-D66CB1BB1317}.Release|Any CPU.Build.0 = Release|Any CPU
	EndGlobalSection
	GlobalSection(SolutionProperties) = preSolution
		HideSolutionNode = FALSE
	EndGlobalSection
	GlobalSection(ExtensibilityGlobals) = postSolution
		SolutionGuid = {5F012D64-BE36-419A-9F5D-54C9DE338CFD}
	EndGlobalSection
EndGlobal
